{
  "name": "pursekeeper-api",
  "version": "0.2.0",
  "lockfileVersion": 3,
  "requires": true,
  "packages": {
    "": {
      "name": "pursekeeper-api",
      "version": "0.2.0",
      "license": "MIT",
      "dependencies": {
        "@x402/core": "^2.25.0",
        "@x402nano/exact": "^0.2.1",
        "@x402nano/helper": "^0.1.1",
        "nanocurrency": "^2.5.0",
        "undici": "^8.11.2"
      },
      "engines": {
        "node": ">=22"
      }
    },
    "node_modules/@x402/core": {
      "version": "2.25.0",
      "resolved": "https://registry.npmjs.org/@x402/core/-/core-2.25.0.tgz",
      "integrity": "sha512-5Ys0XYz3FKutxVKoXC46R/XPT/oaAbuj7ahzrlVHwQxZJPH9u6u91IOh0ztz+7G/zYGsaXR8l3ety205QtEnUw==",
      "license": "Apache-2.0",
      "dependencies": {
        "zod": "^3.24.2"
      }
    },
    "node_modules/@x402nano/exact": {
      "version": "0.2.1",
      "resolved": "https://registry.npmjs.org/@x402nano/exact/-/exact-0.2.1.tgz",
      "integrity": "sha512-UOxOSf/tFQPUTXVAWclIbrsgdZZCsGaIUCSB2Y93uT8PxZJSHYsSRRJoL6wo2b1LgM8Ft6q4vYT84LobzCXwAA==",
      "license": "MIT",
      "dependencies": {
        "@x402/core": "^2.22.0",
        "@x402nano/helper": "^0.1.0",
        "@x402nano/typescript-common": "^0.1.0",
        "bignumber.js": "^9.3.1",
        "nano-sdk": "^1.0.1",
        "zod": "^4.2.1"
      }
    },
    "node_modules/@x402nano/exact/node_modules/nano-sdk": {
      "version": "1.0.7",
      "resolved": "https://registry.npmjs.org/nano-sdk/-/nano-sdk-1.0.7.tgz",
      "integrity": "sha512-33oTzalG52N+cZ3NzB83K6acSOcL3oXV2XShe2eY5qs1yl/UEDPrhQzQmYm2ohBpipkz5yKcLcBw13emHenuuA==",
      "license": "MIT",
      "dependencies": {
        "blakejs": "^1.2.1"
      },
      "peerDependencies": {
        "zod": "^4.1.0"
      }
    },
    "node_modules/@x402nano/exact/node_modules/zod": {
      "version": "4.5.4",
      "resolved": "https://registry.npmjs.org/zod/-/zod-4.5.4.tgz",
      "integrity": "sha512-sC95tT5iHHH9gtpj6A81kh+NEaRAUFN+qlUPDUbRfOMvNf5QCBqsb3WgvnpVtK5Y+4UfA6KqufotuTvMGiTlsA==",
      "license": "MIT",
      "funding": {
        "url": "https://github.com/sponsors/colinhacks"
      }
    },
    "node_modules/@x402nano/helper": {
      "version": "0.1.1",
      "resolved": "https://registry.npmjs.org/@x402nano/helper/-/helper-0.1.1.tgz",
      "integrity": "sha512-g3sdioiBOQtQuTthYRzfiV43+rdfSPXKX4bwxsaHqgKIggZfyTG4foOtteEcuMUEE9ZmzToBhZtAkApo1bQztw==",
      "license": "MIT",
      "dependencies": {
        "@x402nano/typescript-common": "^0.1.0",
        "nano-sdk": "^1.0.1",
        "nanocurrency": "^2.5.0",
        "zod": "^4.3.2"
      }
    },
    "node_modules/@x402nano/helper/node_modules/nano-sdk": {
      "version": "1.0.7",
      "resolved": "https://registry.npmjs.org/nano-sdk/-/nano-sdk-1.0.7.tgz",
      "integrity": "sha512-33oTzalG52N+cZ3NzB83K6acSOcL3oXV2XShe2eY5qs1yl/UEDPrhQzQmYm2ohBpipkz5yKcLcBw13emHenuuA==",
      "license": "MIT",
      "dependencies": {
        "blakejs": "^1.2.1"
      },
      "peerDependencies": {
        "zod": "^4.1.0"
      }
    },
    "node_modules/@x402nano/helper/node_modules/zod": {
      "version": "4.5.4",
      "resolved": "https://registry.npmjs.org/zod/-/zod-4.5.4.tgz",
      "integrity": "sha512-sC95tT5iHHH9gtpj6A81kh+NEaRAUFN+qlUPDUbRfOMvNf5QCBqsb3WgvnpVtK5Y+4UfA6KqufotuTvMGiTlsA==",
      "license": "MIT",
      "funding": {
        "url": "https://github.com/sponsors/colinhacks"
      }
    },
    "node_modules/@x402nano/typescript-common": {
      "version": "0.1.0",
      "resolved": "https://registry.npmjs.org/@x402nano/typescript-common/-/typescript-common-0.1.0.tgz",
      "integrity": "sha512-zlPlG3WUworq7449bVNsyLnxdOa5yh4NeyICLWwN/XswOZK/PFxycBgXGoQ/x6r6NjXv0ggFeo6/FikZvCkCXQ==",
      "license": "MIT",
      "dependencies": {
        "zod": "^4.2.1"
      }
    },
    "node_modules/@x402nano/typescript-common/node_modules/zod": {
      "version": "4.5.4",
      "resolved": "https://registry.npmjs.org/zod/-/zod-4.5.4.tgz",
      "integrity": "sha512-sC95tT5iHHH9gtpj6A81kh+NEaRAUFN+qlUPDUbRfOMvNf5QCBqsb3WgvnpVtK5Y+4UfA6KqufotuTvMGiTlsA==",
      "license": "MIT",
      "funding": {
        "url": "https://github.com/sponsors/colinhacks"
      }
    },
    "node_modules/bignumber.js": {
      "version": "9.3.1",
      "resolved": "https://registry.npmjs.org/bignumber.js/-/bignumber.js-9.3.1.tgz",
      "integrity": "sha512-Ko0uX15oIUS7wJ3Rb30Fs6SkVbLmPBAKdlm7q9+ak9bbIeFf0MwuBsQV6z7+X768/cHsfg+WlysDWJcmthjsjQ==",
      "license": "MIT",
      "engines": {
        "node": "*"
      }
    },
    "node_modules/blakejs": {
      "version": "1.2.1",
      "resolved": "https://registry.npmjs.org/blakejs/-/blakejs-1.2.1.tgz",
      "integrity": "sha512-QXUSXI3QVc/gJME0dBpXrag1kbzOqCjCX8/b54ntNyW6sjtoqxqRk3LTmXzaJoh71zMsDCjM+47jS7XiwN/+fQ==",
      "license": "MIT"
    },
    "node_modules/nanocurrency": {
      "version": "2.5.0",
      "resolved": "https://registry.npmjs.org/nanocurrency/-/nanocurrency-2.5.0.tgz",
      "integrity": "sha512-zMDlgBCML0vMGvldsZN1Np93vwiMjaBLCkOM2tXv0LNIpty8HghDMZiNRzfBPkP70oRhRU+hOpVCEpTzZK5gDQ==",
      "license": "GPL-3.0",
      "dependencies": {
        "bignumber.js": "^9.0.0",
        "blakejs": "^1.1.0"
      }
    },
    "node_modules/undici": {
      "version": "8.11.2",
      "resolved": "https://registry.npmjs.org/undici/-/undici-8.11.2.tgz",
      "integrity": "sha512-u4UB2/IrKdU6lFxumHmmo1a3fCQO5tzQllRorfoRS63txhrB7xTpSn1PftwC4qEHkOaqP95fCWW4lJzwErwzhQ==",
      "license": "MIT",
      "engines": {
        "node": ">=22.19.0"
      }
    },
    "node_modules/zod": {
      "version": "3.25.76",
      "resolved": "https://registry.npmjs.org/zod/-/zod-3.25.76.tgz",
      "integrity": "sha512-gzUt/qt81nXsFGKIFcC3YnfEAx5NkunCfnDlvuBSSFS02bcXu4Lmea0AFIUwbLWxWPx3d9p8S5QoaujKcNQxcQ==",
      "license": "MIT",
      "funding": {
        "url": "https://github.com/sponsors/colinhacks"
      }
    }
  }
}
